
Microsoft Visual Studio Solution File, Format Version 12.00
# Visual Studio Version 17
VisualStudioVersion = 17.5.33414.496
MinimumVisualStudioVersion = 10.0.40219.1
Project("{9A19103F-16F7-4668-BE54-9A1E7A4F7556}") = "wrapper", "..\libigl_wrapper\wrapper\wrapper.csproj", "{1C32AD23-B842-49ED-BB0E-668AC11AEEC3}"
EndProject
Project("{9A19103F-16F7-4668-BE54-9A1E7A4F7556}") = "Tusqh", "Tusqh.csproj", "{E2A7AB7A-F113-4486-8269-73820FCEE1CB}"
EndProject
Global
	GlobalSection(SolutionConfigurationPlatforms) = preSolution
		Debug|Any CPU = Debug|Any CPU
		Release|Any CPU = Release|Any CPU
	EndGlobalSection
	GlobalSection(ProjectConfigurationPlatforms) = postSolution
		{1C32AD23-B842-49ED-BB0E-668AC11AEEC3}.Debug|Any CPU.ActiveCfg = Debug|Any CPU
		{1C32AD23-B842-49ED-BB0E-668AC11AEEC3}.Debug|Any CPU.Build.0 = Debug|Any CPU
		{1C32AD23-B842-49ED-BB0E-668AC11AEEC3}.Release|Any CPU.ActiveCfg = Release|Any CPU
		{1C32AD23-B842-49ED-BB0E-668AC11AEEC3}.Release|Any CPU.Build.0 = Release|Any CPU
		{E2A7AB7A-F113-4486-8269-73820FCEE1CB}.Debug|Any CPU.ActiveCfg = Debug|Any CPU
		{E2A7AB7A-F113-4486-8269-73820FCEE1CB}.Debug|Any CPU.Build.0 = Debug|Any CPU
		{E2A7AB7A-F113-4486-8269-73820FCEE1CB}.Release|Any CPU.ActiveCfg = Release|Any CPU
		{E2A7AB7A-F113-4486-8269-73820FCEE1CB}.Release|Any CPU.Build.0 = Release|Any CPU
	EndGlobalSection
	GlobalSection(SolutionProperties) = preSolution
		HideSolutionNode = FALSE
	EndGlobalSection
	GlobalSection(ExtensibilityGlobals) = postSolution
		SolutionGuid = {51F56206-B10D-4099-A19A-E3F3FF9D09EC}
	EndGlobalSection
EndGlobal
