
Microsoft Visual Studio Solution File, Format Version 12.00
# Visual Studio Version 16
VisualStudioVersion = 25.0.1706.6
MinimumVisualStudioVersion = 10.0.40219.1
Project("{FAE04EC0-301F-11D3-BF4B-00C04F79EFBC}") = "Wrapper", "wrapper\wrapper.csproj", "{9C96D36C-C6DB-4D0C-AED9-890C8E1626D8}"
EndProject
EndProject
Global
	GlobalSection(SolutionConfigurationPlatforms) = preSolution
		Debug|Any CPU = Debug|Any CPU
		Release|Any CPU = Release|Any CPU
	EndGlobalSection
	GlobalSection(ProjectConfigurationPlatforms) = postSolution
		{9C96D36C-C6DB-4D0C-AED9-890C8E1626D8}.Debug|Any CPU.ActiveCfg = Debug|Any CPU
		{9C96D36C-C6DB-4D0C-AED9-890C8E1626D8}.Debug|Any CPU.Build.0 = Debug|Any CPU
		{9C96D36C-C6DB-4D0C-AED9-890C8E1626D8}.Release|Any CPU.ActiveCfg = Release|Any CPU
		{9C96D36C-C6DB-4D0C-AED9-890C8E1626D8}.Release|Any CPU.Build.0 = Release|Any CPU
	EndGlobalSection
	GlobalSection(SolutionProperties) = preSolution
		HideSolutionNode = FALSE
	EndGlobalSection
	GlobalSection(ExtensibilityGlobals) = postSolution
		SolutionGuid = {22CA666B-88BB-4FFE-8B00-3B845F158E2E}
	EndGlobalSection
EndGlobal
